
Microsoft Visual Studio Solution File, Format Version 12.00
# Visual Studio 15
VisualStudioVersion = 15.0.27428.2043
MinimumVisualStudioVersion = 10.0.40219.1
Project("{FAE04EC0-301F-11D3-BF4B-00C04F79EFBC}") = "GherkinTCs", "GherkinTCs\GherkinTCs.csproj", "{9BE93850-3318-467D-8663-0C5E7D70A450}"
EndProject
Global
	GlobalSection(SolutionConfigurationPlatforms) = preSolution
		Debug|Any CPU = Debug|Any CPU
		Release|Any CPU = Release|Any CPU
	EndGlobalSection
	GlobalSection(ProjectConfigurationPlatforms) = postSolution
		{9BE93850-3318-467D-8663-0C5E7D70A450}.Debug|Any CPU.ActiveCfg = Debug|Any CPU
		{9BE93850-3318-467D-8663-0C5E7D70A450}.Debug|Any CPU.Build.0 = Debug|Any CPU
		{9BE93850-3318-467D-8663-0C5E7D70A450}.Release|Any CPU.ActiveCfg = Release|Any CPU
		{9BE93850-3318-467D-8663-0C5E7D70A450}.Release|Any CPU.Build.0 = Release|Any CPU
	EndGlobalSection
	GlobalSection(SolutionProperties) = preSolution
		HideSolutionNode = FALSE
	EndGlobalSection
	GlobalSection(ExtensibilityGlobals) = postSolution
		SolutionGuid = {E9148FE7-E48D-41AA-9B12-97B5D2D5533D}
	EndGlobalSection
EndGlobal
